// !$*UTF8*$!
{
	archiveVersion = 1;
	classes = {
	};
	objectVersion = 56;
	objects = {

/* Begin PBXBuildFile section */
		87A6AFA72D6F91630093A569 /* MonitoriasProjetoApp.swift in Sources */ = {isa = PBXBuildFile; fileRef = 87A6AFA62D6F91630093A569 /* MonitoriasProjetoApp.swift */; };
		87A6AFA92D6F91630093A569 /* ContentView.swift in Sources */ = {isa = PBXBuildFile; fileRef = 87A6AFA82D6F91630093A569 /* ContentView.swift */; };
		87A6AFAB2D6F91650093A569 /* Assets.xcassets in Resources */ = {isa = PBXBuildFile; fileRef = 87A6AFAA2D6F91650093A569 /* Assets.xcassets */; };
		87A6AFAE2D6F91650093A569 /* Preview Assets.xcassets in Resources */ = {isa = PBXBuildFile; fileRef = 87A6AFAD2D6F91650093A569 /* Preview Assets.xcassets */; };
		87A6AFB52D6F92C90093A569 /* Agua.swift in Sources */ = {isa = PBXBuildFile; fileRef = 87A6AFB42D6F92C90093A569 /* Agua.swift */; };
		87A6AFB72D6F93620093A569 /* Home.swift in Sources */ = {isa = PBXBuildFile; fileRef = 87A6AFB62D6F93620093A569 /* Home.swift */; };
		87A6AFB92D6F93B70093A569 /* Monitorias.swift in Sources */ = {isa = PBXBuildFile; fileRef = 87A6AFB82D6F93B70093A569 /* Monitorias.swift */; };
		87CD81202D7227BD000889F0 /* Atributos.swift in Sources */ = {isa = PBXBuildFile; fileRef = 87CD811F2D7227BD000889F0 /* Atributos.swift */; };
/* End PBXBuildFile section */

/* Begin PBXFileReference section */
		87A6AFA32D6F91630093A569 /* MonitoriasProjeto.app */ = {isa = PBXFileReference; explicitFileType = wrapper.application; includeInIndex = 0; path = MonitoriasProjeto.app; sourceTree = BUILT_PRODUCTS_DIR; };
		87A6AFA62D6F91630093A569 /* MonitoriasProjetoApp.swift */ = {isa = PBXFileReference; lastKnownFileType = sourcecode.swift; path = MonitoriasProjetoApp.swift; sourceTree = "<group>"; };
		87A6AFA82D6F91630093A569 /* ContentView.swift */ = {isa = PBXFileReference; lastKnownFileType = sourcecode.swift; path = ContentView.swift; sourceTree = "<group>"; };
		87A6AFAA2D6F91650093A569 /* Assets.xcassets */ = {isa = PBXFileReference; lastKnownFileType = folder.assetcatalog; path = Assets.xcassets; sourceTree = "<group>"; };
		87A6AFAD2D6F91650093A569 /* Preview Assets.xcassets */ = {isa = PBXFileReference; lastKnownFileType = folder.assetcatalog; path = "Preview Assets.xcassets"; sourceTree = "<group>"; };
		87A6AFB42D6F92C90093A569 /* Agua.swift */ = {isa = PBXFileReference; lastKnownFileType = sourcecode.swift; path = Agua.swift; sourceTree = "<group>"; };
		87A6AFB62D6F93620093A569 /* Home.swift */ = {isa = PBXFileReference; lastKnownFileType = sourcecode.swift; path = Home.swift; sourceTree = "<group>"; };
		87A6AFB82D6F93B70093A569 /* Monitorias.swift */ = {isa = PBXFileReference; lastKnownFileType = sourcecode.swift; path = Monitorias.swift; sourceTree = "<group>"; };
		87CD811F2D7227BD000889F0 /* Atributos.swift */ = {isa = PBXFileReference; lastKnownFileType = sourcecode.swift; path = Atributos.swift; sourceTree = "<group>"; };
/* End PBXFileReference section */

/* Begin PBXFrameworksBuildPhase section */
		87A6AFA02D6F91630093A569 /* Frameworks */ = {
			isa = PBXFrameworksBuildPhase;
			buildActionMask = 2147483647;
			files = (
			);
			runOnlyForDeploymentPostprocessing = 0;
		};
/* End PBXFrameworksBuildPhase section */

/* Begin PBXGroup section */
		87A6AF9A2D6F91630093A569 = {
			isa = PBXGroup;
			children = (
				87A6AFA52D6F91630093A569 /* MonitoriasProjeto */,
				87A6AFA42D6F91630093A569 /* Products */,
			);
			sourceTree = "<group>";
		};
		87A6AFA42D6F91630093A569 /* Products */ = {
			isa = PBXGroup;
			children = (
				87A6AFA32D6F91630093A569 /* MonitoriasProjeto.app */,
			);
			name = Products;
			sourceTree = "<group>";
		};
		87A6AFA52D6F91630093A569 /* MonitoriasProjeto */ = {
			isa = PBXGroup;
			children = (
				87A6AFA62D6F91630093A569 /* MonitoriasProjetoApp.swift */,
				87A6AFA82D6F91630093A569 /* ContentView.swift */,
				87A6AFAA2D6F91650093A569 /* Assets.xcassets */,
				87A6AFAC2D6F91650093A569 /* Preview Content */,
				87A6AFB42D6F92C90093A569 /* Agua.swift */,
				87A6AFB62D6F93620093A569 /* Home.swift */,
				87A6AFB82D6F93B70093A569 /* Monitorias.swift */,
				87CD811F2D7227BD000889F0 /* Atributos.swift */,
			);
			path = MonitoriasProjeto;
			sourceTree = "<group>";
		};
		87A6AFAC2D6F91650093A569 /* Preview Content */ = {
			isa = PBXGroup;
			children = (
				87A6AFAD2D6F91650093A569 /* Preview Assets.xcassets */,
			);
			path = "Preview Content";
			sourceTree = "<group>";
		};
/* End PBXGroup section */

/* Begin PBXNativeTarget section */
		87A6AFA22D6F91630093A569 /* MonitoriasProjeto */ = {
			isa = PBXNativeTarget;
			buildConfigurationList = 87A6AFB12D6F91650093A569 /* Build configuration list for PBXNativeTarget "MonitoriasProjeto" */;
			buildPhases = (
				87A6AF9F2D6F91630093A569 /* Sources */,
				87A6AFA02D6F91630093A569 /* Frameworks */,
				87A6AFA12D6F91630093A569 /* Resources */,
			);
			buildRules = (
			);
			dependencies = (
			);
			name = MonitoriasProjeto;
			productName = MonitoriasProjeto;
			productReference = 87A6AFA32D6F91630093A569 /* MonitoriasProjeto.app */;
			productType = "com.apple.product-type.application";
		};
/* End PBXNativeTarget section */

/* Begin PBXProject section */
		87A6AF9B2D6F91630093A569 /* Project object */ = {
			isa = PBXProject;
			attributes = {
				BuildIndependentTargetsInParallel = 1;
				LastSwiftUpdateCheck = 1540;
				LastUpgradeCheck = 1540;
				TargetAttributes = {
					87A6AFA22D6F91630093A569 = {
						CreatedOnToolsVersion = 15.4;
					};
				};
			};
			buildConfigurationList = 87A6AF9E2D6F91630093A569 /* Build configuration list for PBXProject "MonitoriasProjeto" */;
			compatibilityVersion = "Xcode 14.0";
			developmentRegion = en;
			hasScannedForEncodings = 0;
			knownRegions = (
				en,
				Base,
			);
			mainGroup = 87A6AF9A2D6F91630093A569;
			productRefGroup = 87A6AFA42D6F91630093A569 /* Products */;
			projectDirPath = "";
			projectRoot = "";
			targets = (
				87A6AFA22D6F91630093A569 /* MonitoriasProjeto */,
			);
		};
/* End PBXProject section */

/* Begin PBXResourcesBuildPhase section */
		87A6AFA12D6F91630093A569 /* Resources */ = {
			isa = PBXResourcesBuildPhase;
			buildActionMask = 2147483647;
			files = (
				87A6AFAE2D6F91650093A569 /* Preview Assets.xcassets in Resources */,
				87A6AFAB2D6F91650093A569 /* Assets.xcassets in Resources */,
			);
			runOnlyForDeploymentPostprocessing = 0;
		};
/* End PBXResourcesBuildPhase section */

/* Begin PBXSourcesBuildPhase section */
		87A6AF9F2D6F91630093A569 /* Sources */ = {
			isa = PBXSourcesBuildPhase;
			buildActionMask = 2147483647;
			files = (
				87A6AFB52D6F92C90093A569 /* Agua.swift in Sources */,
				87CD81202D7227BD000889F0 /* Atributos.swift in Sources */,
				87A6AFA92D6F91630093A569 /* ContentView.swift in Sources */,
				87A6AFB72D6F93620093A569 /* Home.swift in Sources */,
				87A6AFB92D6F93B70093A569 /* Monitorias.swift in Sources */,
				87A6AFA72D6F91630093A569 /* MonitoriasProjetoApp.swift in Sources */,
			);
			runOnlyForDeploymentPostprocessing = 0;
		};
/* End PBXSourcesBuildPhase section */

/* Begin XCBuildConfiguration section */
		87A6AFAF2D6F91650093A569 /* Debug */ = {
			isa = XCBuildConfiguration;
			buildSettings = {
				ALWAYS_SEARCH_USER_PATHS = NO;
				ASSETCATALOG_COMPILER_GENERATE_SWIFT_ASSET_SYMBOL_EXTENSIONS = YES;
				CLANG_ANALYZER_NONNULL = YES;
				CLANG_ANALYZER_NUMBER_OBJECT_CONVERSION = YES_AGGRESSIVE;
				CLANG_CXX_LANGUAGE_STANDARD = "gnu++20";
				CLANG_ENABLE_MODULES = YES;
				CLANG_ENABLE_OBJC_ARC = YES;
				CLANG_ENABLE_OBJC_WEAK = YES;
				CLANG_WARN_BLOCK_CAPTURE_AUTORELEASING = YES;
				CLANG_WARN_BOOL_CONVERSION = YES;
				CLANG_WARN_COMMA = YES;
				CLANG_WARN_CONSTANT_CONVERSION = YES;
				CLANG_WARN_DEPRECATED_OBJC_IMPLEMENTATIONS = YES;
				CLANG_WARN_DIRECT_OBJC_ISA_USAGE = YES_ERROR;
				CLANG_WARN_DOCUMENTATION_COMMENTS = YES;
				CLANG_WARN_EMPTY_BODY = YES;
				CLANG_WARN_ENUM_CONVERSION = YES;
				CLANG_WARN_INFINITE_RECURSION = YES;
				CLANG_WARN_INT_CONVERSION = YES;
				CLANG_WARN_NON_LITERAL_NULL_CONVERSION = YES;
				CLANG_WARN_OBJC_IMPLICIT_RETAIN_SELF = YES;
				CLANG_WARN_OBJC_LITERAL_CONVERSION = YES;
				CLANG_WARN_OBJC_ROOT_CLASS = YES_ERROR;
				CLANG_WARN_QUOTED_INCLUDE_IN_FRAMEWORK_HEADER = YES;
				CLANG_WARN_RANGE_LOOP_ANALYSIS = YES;
				CLANG_WARN_STRICT_PROTOTYPES = YES;
				CLANG_WARN_SUSPICIOUS_MOVE = YES;
				CLANG_WARN_UNGUARDED_AVAILABILITY = YES_AGGRESSIVE;
				CLANG_WARN_UNREACHABLE_CODE = YES;
				CLANG_WARN__DUPLICATE_METHOD_MATCH = YES;
				COPY_PHASE_STRIP = NO;
				DEBUG_INFORMATION_FORMAT = dwarf;
				ENABLE_STRICT_OBJC_MSGSEND = YES;
				ENABLE_TESTABILITY = YES;
				ENABLE_USER_SCRIPT_SANDBOXING = YES;
				GCC_C_LANGUAGE_STANDARD = gnu17;
				GCC_DYNAMIC_NO_PIC = NO;
				GCC_NO_COMMON_BLOCKS = YES;
				GCC_OPTIMIZATION_LEVEL = 0;
				GCC_PREPROCESSOR_DEFINITIONS = (
					"DEBUG=1",
					"$(inherited)",
				);
				GCC_WARN_64_TO_32_BIT_CONVERSION = YES;
				GCC_WARN_ABOUT_RETURN_TYPE = YES_ERROR;
				GCC_WARN_UNDECLARED_SELECTOR = YES;
				GCC_WARN_UNINITIALIZED_AUTOS = YES_AGGRESSIVE;
				GCC_WARN_UNUSED_FUNCTION = YES;
				GCC_WARN_UNUSED_VARIABLE = YES;
				IPHONEOS_DEPLOYMENT_TARGET = 17.5;
				LOCALIZATION_PREFERS_STRING_CATALOGS = YES;
				MTL_ENABLE_DEBUG_INFO = INCLUDE_SOURCE;
				MTL_FAST_MATH = YES;
				ONLY_ACTIVE_ARCH = YES;
				SDKROOT = iphoneos;
				SWIFT_ACTIVE_COMPILATION_CONDITIONS = "DEBUG $(inherited)";
				SWIFT_OPTIMIZATION_LEVEL = "-Onone";
			};
			name = Debug;
		};
		87A6AFB02D6F91650093A569 /* Release */ = {
			isa = XCBuildConfiguration;
			buildSettings = {
				ALWAYS_SEARCH_USER_PATHS = NO;
				ASSETCATALOG_COMPILER_GENERATE_SWIFT_ASSET_SYMBOL_EXTENSIONS = YES;
				CLANG_ANALYZER_NONNULL = YES;
				CLANG_ANALYZER_NUMBER_OBJECT_CONVERSION = YES_AGGRESSIVE;
				CLANG_CXX_LANGUAGE_STANDARD = "gnu++20";
				CLANG_ENABLE_MODULES = YES;
				CLANG_ENABLE_OBJC_ARC = YES;
				CLANG_ENABLE_OBJC_WEAK = YES;
				CLANG_WARN_BLOCK_CAPTURE_AUTORELEASING = YES;
				CLANG_WARN_BOOL_CONVERSION = YES;
				CLANG_WARN_COMMA = YES;
				CLANG_WARN_CONSTANT_CONVERSION = YES;
				CLANG_WARN_DEPRECATED_OBJC_IMPLEMENTATIONS = YES;
				CLANG_WARN_DIRECT_OBJC_ISA_USAGE = YES_ERROR;
				CLANG_WARN_DOCUMENTATION_COMMENTS = YES;
				CLANG_WARN_EMPTY_BODY = YES;
				CLANG_WARN_ENUM_CONVERSION = YES;
				CLANG_WARN_INFINITE_RECURSION = YES;
				CLANG_WARN_INT_CONVERSION = YES;
				CLANG_WARN_NON_LITERAL_NULL_CONVERSION = YES;
				CLANG_WARN_OBJC_IMPLICIT_RETAIN_SELF = YES;
				CLANG_WARN_OBJC_LITERAL_CONVERSION = YES;
				CLANG_WARN_OBJC_ROOT_CLASS = YES_ERROR;
				CLANG_WARN_QUOTED_INCLUDE_IN_FRAMEWORK_HEADER = YES;
				CLANG_WARN_RANGE_LOOP_ANALYSIS = YES;
				CLANG_WARN_STRICT_PROTOTYPES = YES;
				CLANG_WARN_SUSPICIOUS_MOVE = YES;
				CLANG_WARN_UNGUARDED_AVAILABILITY = YES_AGGRESSIVE;
				CLANG_WARN_UNREACHABLE_CODE = YES;
				CLANG_WARN__DUPLICATE_METHOD_MATCH = YES;
				COPY_PHASE_STRIP = NO;
				DEBUG_INFORMATION_FORMAT = "dwarf-with-dsym";
				ENABLE_NS_ASSERTIONS = NO;
				ENABLE_STRICT_OBJC_MSGSEND = YES;
				ENABLE_USER_SCRIPT_SANDBOXING = YES;
				GCC_C_LANGUAGE_STANDARD = gnu17;
				GCC_NO_COMMON_BLOCKS = YES;
				GCC_WARN_64_TO_32_BIT_CONVERSION = YES;
				GCC_WARN_ABOUT_RETURN_TYPE = YES_ERROR;
				GCC_WARN_UNDECLARED_SELECTOR = YES;
				GCC_WARN_UNINITIALIZED_AUTOS = YES_AGGRESSIVE;
				GCC_WARN_UNUSED_FUNCTION = YES;
				GCC_WARN_UNUSED_VARIABLE = YES;
				IPHONEOS_DEPLOYMENT_TARGET = 17.5;
				LOCALIZATION_PREFERS_STRING_CATALOGS = YES;
				MTL_ENABLE_DEBUG_INFO = NO;
				MTL_FAST_MATH = YES;
				SDKROOT = iphoneos;
				SWIFT_COMPILATION_MODE = wholemodule;
				VALIDATE_PRODUCT = YES;
			};
			name = Release;
		};
		87A6AFB22D6F91650093A569 /* Debug */ = {
			isa = XCBuildConfiguration;
			buildSettings = {
				ASSETCATALOG_COMPILER_APPICON_NAME = AppIcon;
				ASSETCATALOG_COMPILER_GLOBAL_ACCENT_COLOR_NAME = AccentColor;
				CODE_SIGN_STYLE = Automatic;
				CURRENT_PROJECT_VERSION = 1;
				DEVELOPMENT_ASSET_PATHS = "\"MonitoriasProjeto/Preview Content\"";
				ENABLE_PREVIEWS = YES;
				GENERATE_INFOPLIST_FILE = YES;
				INFOPLIST_KEY_UIApplicationSceneManifest_Generation = YES;
				INFOPLIST_KEY_UIApplicationSupportsIndirectInputEvents = YES;
				INFOPLIST_KEY_UILaunchScreen_Generation = YES;
				INFOPLIST_KEY_UISupportedInterfaceOrientations_iPad = "UIInterfaceOrientationPortrait UIInterfaceOrientationPortraitUpsideDown UIInterfaceOrientationLandscapeLeft UIInterfaceOrientationLandscapeRight";
				INFOPLIST_KEY_UISupportedInterfaceOrientations_iPhone = "UIInterfaceOrientationPortrait UIInterfaceOrientationLandscapeLeft UIInterfaceOrientationLandscapeRight";
				LD_RUNPATH_SEARCH_PATHS = (
					"$(inherited)",
					"@executable_path/Frameworks",
				);
				MARKETING_VERSION = 1.0;
				PRODUCT_BUNDLE_IDENTIFIER = Pedro.Vilela.MonitoriasProjeto;
				PRODUCT_NAME = "$(TARGET_NAME)";
				SWIFT_EMIT_LOC_STRINGS = YES;
				SWIFT_VERSION = 5.0;
				TARGETED_DEVICE_FAMILY = "1,2";
			};
			name = Debug;
		};
		87A6AFB32D6F91650093A569 /* Release */ = {
			isa = XCBuildConfiguration;
			buildSettings = {
				ASSETCATALOG_COMPILER_APPICON_NAME = AppIcon;
				ASSETCATALOG_COMPILER_GLOBAL_ACCENT_COLOR_NAME = AccentColor;
				CODE_SIGN_STYLE = Automatic;
				CURRENT_PROJECT_VERSION = 1;
				DEVELOPMENT_ASSET_PATHS = "\"MonitoriasProjeto/Preview Content\"";
				ENABLE_PREVIEWS = YES;
				GENERATE_INFOPLIST_FILE = YES;
				INFOPLIST_KEY_UIApplicationSceneManifest_Generation = YES;
				INFOPLIST_KEY_UIApplicationSupportsIndirectInputEvents = YES;
				INFOPLIST_KEY_UILaunchScreen_Generation = YES;
				INFOPLIST_KEY_UISupportedInterfaceOrientations_iPad = "UIInterfaceOrientationPortrait UIInterfaceOrientationPortraitUpsideDown UIInterfaceOrientationLandscapeLeft UIInterfaceOrientationLandscapeRight";
				INFOPLIST_KEY_UISupportedInterfaceOrientations_iPhone = "UIInterfaceOrientationPortrait UIInterfaceOrientationLandscapeLeft UIInterfaceOrientationLandscapeRight";
				LD_RUNPATH_SEARCH_PATHS = (
					"$(inherited)",
					"@executable_path/Frameworks",
				);
				MARKETING_VERSION = 1.0;
				PRODUCT_BUNDLE_IDENTIFIER = Pedro.Vilela.MonitoriasProjeto;
				PRODUCT_NAME = "$(TARGET_NAME)";
				SWIFT_EMIT_LOC_STRINGS = YES;
				SWIFT_VERSION = 5.0;
				TARGETED_DEVICE_FAMILY = "1,2";
			};
			name = Release;
		};
/* End XCBuildConfiguration section */

/* Begin XCConfigurationList section */
		87A6AF9E2D6F91630093A569 /* Build configuration list for PBXProject "MonitoriasProjeto" */ = {
			isa = XCConfigurationList;
			buildConfigurations = (
				87A6AFAF2D6F91650093A569 /* Debug */,
				87A6AFB02D6F91650093A569 /* Release */,
			);
			defaultConfigurationIsVisible = 0;
			defaultConfigurationName = Release;
		};
		87A6AFB12D6F91650093A569 /* Build configuration list for PBXNativeTarget "MonitoriasProjeto" */ = {
			isa = XCConfigurationList;
			buildConfigurations = (
				87A6AFB22D6F91650093A569 /* Debug */,
				87A6AFB32D6F91650093A569 /* Release */,
			);
			defaultConfigurationIsVisible = 0;
			defaultConfigurationName = Release;
		};
/* End XCConfigurationList section */
	};
	rootObject = 87A6AF9B2D6F91630093A569 /* Project object */;
}
